
Microsoft Visual Studio Solution File, Format Version 12.00
# Visual Studio 15
VisualStudioVersion = 15.0.27703.2035
MinimumVisualStudioVersion = 10.0.40219.1
Project("{FAE04EC0-301F-11D3-BF4B-00C04F79EFBC}") = "UnityReorderableListEditor", "UnityReorderableListEditor\UnityReorderableListEditor.csproj", "{550D8F0F-E6FC-4FF8-9808-AF28331A24A2}"
EndProject
Global
	GlobalSection(SolutionConfigurationPlatforms) = preSolution
		Debug|Any CPU = Debug|Any CPU
		Release|Any CPU = Release|Any CPU
	EndGlobalSection
	GlobalSection(ProjectConfigurationPlatforms) = postSolution
		{550D8F0F-E6FC-4FF8-9808-AF28331A24A2}.Debug|Any CPU.ActiveCfg = Debug|Any CPU
		{550D8F0F-E6FC-4FF8-9808-AF28331A24A2}.Debug|Any CPU.Build.0 = Debug|Any CPU
		{550D8F0F-E6FC-4FF8-9808-AF28331A24A2}.Release|Any CPU.ActiveCfg = Release|Any CPU
		{550D8F0F-E6FC-4FF8-9808-AF28331A24A2}.Release|Any CPU.Build.0 = Release|Any CPU
	EndGlobalSection
	GlobalSection(SolutionProperties) = preSolution
		HideSolutionNode = FALSE
	EndGlobalSection
	GlobalSection(ExtensibilityGlobals) = postSolution
		SolutionGuid = {A785C141-522C-454F-8B32-79DAB744CB1F}
	EndGlobalSection
EndGlobal
